// !$*UTF8*$!
{
	archiveVersion = 1;
	classes = {
	};
	objectVersion = 46;
	objects = {

/* Begin PBXBuildFile section */
		5C6646581E251D8000D1F9F8 /* HistoryViewController.swift in Sources */ = {isa = PBXBuildFile; fileRef = 5C6646571E251D8000D1F9F8 /* HistoryViewController.swift */; };
		5C66465B1E25202600D1F9F8 /* HistoryTableViewCell.swift in Sources */ = {isa = PBXBuildFile; fileRef = 5C6646591E25202600D1F9F8 /* HistoryTableViewCell.swift */; };
		5C66465C1E25202600D1F9F8 /* HistoryTableViewCell.xib in Resources */ = {isa = PBXBuildFile; fileRef = 5C66465A1E25202600D1F9F8 /* HistoryTableViewCell.xib */; };
		5C6646621E25271000D1F9F8 /* SettingsTableViewController.swift in Sources */ = {isa = PBXBuildFile; fileRef = 5C6646611E25271000D1F9F8 /* SettingsTableViewController.swift */; };
		5C966AF51E1A4812000FA401 /* AppDelegate.swift in Sources */ = {isa = PBXBuildFile; fileRef = 5C966AF41E1A4812000FA401 /* AppDelegate.swift */; };
		5C966AFA1E1A4812000FA401 /* Main.storyboard in Resources */ = {isa = PBXBuildFile; fileRef = 5C966AF81E1A4812000FA401 /* Main.storyboard */; };
		5C966AFD1E1A4812000FA401 /* WeatherStation.xcdatamodeld in Sources */ = {isa = PBXBuildFile; fileRef = 5C966AFB1E1A4812000FA401 /* WeatherStation.xcdatamodeld */; };
		5C966AFF1E1A4812000FA401 /* Assets.xcassets in Resources */ = {isa = PBXBuildFile; fileRef = 5C966AFE1E1A4812000FA401 /* Assets.xcassets */; };
		5C966B021E1A4812000FA401 /* LaunchScreen.storyboard in Resources */ = {isa = PBXBuildFile; fileRef = 5C966B001E1A4812000FA401 /* LaunchScreen.storyboard */; };
		5C966B0B1E1A52A4000FA401 /* StationsViewController.swift in Sources */ = {isa = PBXBuildFile; fileRef = 5C966B0A1E1A52A4000FA401 /* StationsViewController.swift */; };
		5CCCEEE71E1A574E00CB8F3D /* StationTableViewCell.swift in Sources */ = {isa = PBXBuildFile; fileRef = 5CCCEEE51E1A574E00CB8F3D /* StationTableViewCell.swift */; };
		5CCCEEE81E1A574E00CB8F3D /* StationTableViewCell.xib in Resources */ = {isa = PBXBuildFile; fileRef = 5CCCEEE61E1A574E00CB8F3D /* StationTableViewCell.xib */; };
		5CCCEEEA1E1A5BFC00CB8F3D /* NewStationViewController.swift in Sources */ = {isa = PBXBuildFile; fileRef = 5CCCEEE91E1A5BFC00CB8F3D /* NewStationViewController.swift */; };
		5CCCEEEE1E1A606400CB8F3D /* Station.swift in Sources */ = {isa = PBXBuildFile; fileRef = 5CCCEEED1E1A606400CB8F3D /* Station.swift */; };
		5CCCEEF31E1A713B00CB8F3D /* UIStoryboard+Extension.swift in Sources */ = {isa = PBXBuildFile; fileRef = 5CCCEEF21E1A713B00CB8F3D /* UIStoryboard+Extension.swift */; };
		5CCCEEF51E1A7A1B00CB8F3D /* StationViewController.swift in Sources */ = {isa = PBXBuildFile; fileRef = 5CCCEEF41E1A7A1B00CB8F3D /* StationViewController.swift */; };
		6337A41E148F48CD1471EA96 /* Pods_WeatherStation.framework in Frameworks */ = {isa = PBXBuildFile; fileRef = D8E5DA2266C150773BD02030 /* Pods_WeatherStation.framework */; };
/* End PBXBuildFile section */

/* Begin PBXFileReference section */
		17DD199CB89E06F95CA47086 /* Pods-WeatherStation.debug.xcconfig */ = {isa = PBXFileReference; includeInIndex = 1; lastKnownFileType = text.xcconfig; name = "Pods-WeatherStation.debug.xcconfig"; path = "Pods/Target Support Files/Pods-WeatherStation/Pods-WeatherStation.debug.xcconfig"; sourceTree = "<group>"; };
		5C6646571E251D8000D1F9F8 /* HistoryViewController.swift */ = {isa = PBXFileReference; fileEncoding = 4; lastKnownFileType = sourcecode.swift; path = HistoryViewController.swift; sourceTree = "<group>"; };
		5C6646591E25202600D1F9F8 /* HistoryTableViewCell.swift */ = {isa = PBXFileReference; fileEncoding = 4; lastKnownFileType = sourcecode.swift; path = HistoryTableViewCell.swift; sourceTree = "<group>"; };
		5C66465A1E25202600D1F9F8 /* HistoryTableViewCell.xib */ = {isa = PBXFileReference; fileEncoding = 4; lastKnownFileType = file.xib; path = HistoryTableViewCell.xib; sourceTree = "<group>"; };
		5C6646611E25271000D1F9F8 /* SettingsTableViewController.swift */ = {isa = PBXFileReference; fileEncoding = 4; lastKnownFileType = sourcecode.swift; path = SettingsTableViewController.swift; sourceTree = "<group>"; };
		5C966AF11E1A4812000FA401 /* WeatherStation.app */ = {isa = PBXFileReference; explicitFileType = wrapper.application; includeInIndex = 0; path = WeatherStation.app; sourceTree = BUILT_PRODUCTS_DIR; };
		5C966AF41E1A4812000FA401 /* AppDelegate.swift */ = {isa = PBXFileReference; lastKnownFileType = sourcecode.swift; path = AppDelegate.swift; sourceTree = "<group>"; };
		5C966AF91E1A4812000FA401 /* Base */ = {isa = PBXFileReference; lastKnownFileType = file.storyboard; name = Base; path = Base.lproj/Main.storyboard; sourceTree = "<group>"; };
		5C966AFC1E1A4812000FA401 /* WeatherStation.xcdatamodel */ = {isa = PBXFileReference; lastKnownFileType = wrapper.xcdatamodel; path = WeatherStation.xcdatamodel; sourceTree = "<group>"; };
		5C966AFE1E1A4812000FA401 /* Assets.xcassets */ = {isa = PBXFileReference; lastKnownFileType = folder.assetcatalog; path = Assets.xcassets; sourceTree = "<group>"; };
		5C966B011E1A4812000FA401 /* Base */ = {isa = PBXFileReference; lastKnownFileType = file.storyboard; name = Base; path = Base.lproj/LaunchScreen.storyboard; sourceTree = "<group>"; };
		5C966B031E1A4812000FA401 /* Info.plist */ = {isa = PBXFileReference; lastKnownFileType = text.plist.xml; path = Info.plist; sourceTree = "<group>"; };
		5C966B0A1E1A52A4000FA401 /* StationsViewController.swift */ = {isa = PBXFileReference; fileEncoding = 4; lastKnownFileType = sourcecode.swift; path = StationsViewController.swift; sourceTree = "<group>"; };
		5CCCEEE51E1A574E00CB8F3D /* StationTableViewCell.swift */ = {isa = PBXFileReference; fileEncoding = 4; lastKnownFileType = sourcecode.swift; path = StationTableViewCell.swift; sourceTree = "<group>"; };
		5CCCEEE61E1A574E00CB8F3D /* StationTableViewCell.xib */ = {isa = PBXFileReference; fileEncoding = 4; lastKnownFileType = file.xib; path = StationTableViewCell.xib; sourceTree = "<group>"; };
		5CCCEEE91E1A5BFC00CB8F3D /* NewStationViewController.swift */ = {isa = PBXFileReference; fileEncoding = 4; lastKnownFileType = sourcecode.swift; path = NewStationViewController.swift; sourceTree = "<group>"; };
		5CCCEEED1E1A606400CB8F3D /* Station.swift */ = {isa = PBXFileReference; fileEncoding = 4; lastKnownFileType = sourcecode.swift; path = Station.swift; sourceTree = "<group>"; };
		5CCCEEF21E1A713B00CB8F3D /* UIStoryboard+Extension.swift */ = {isa = PBXFileReference; fileEncoding = 4; lastKnownFileType = sourcecode.swift; path = "UIStoryboard+Extension.swift"; sourceTree = "<group>"; };
		5CCCEEF41E1A7A1B00CB8F3D /* StationViewController.swift */ = {isa = PBXFileReference; fileEncoding = 4; lastKnownFileType = sourcecode.swift; path = StationViewController.swift; sourceTree = "<group>"; };
		75E92D76134BE3D312D2B8B6 /* Pods-WeatherStation.release.xcconfig */ = {isa = PBXFileReference; includeInIndex = 1; lastKnownFileType = text.xcconfig; name = "Pods-WeatherStation.release.xcconfig"; path = "Pods/Target Support Files/Pods-WeatherStation/Pods-WeatherStation.release.xcconfig"; sourceTree = "<group>"; };
		D8E5DA2266C150773BD02030 /* Pods_WeatherStation.framework */ = {isa = PBXFileReference; explicitFileType = wrapper.framework; includeInIndex = 0; path = Pods_WeatherStation.framework; sourceTree = BUILT_PRODUCTS_DIR; };
/* End PBXFileReference section */

/* Begin PBXFrameworksBuildPhase section */
		5C966AEE1E1A4812000FA401 /* Frameworks */ = {
			isa = PBXFrameworksBuildPhase;
			buildActionMask = 2147483647;
			files = (
				6337A41E148F48CD1471EA96 /* Pods_WeatherStation.framework in Frameworks */,
			);
			runOnlyForDeploymentPostprocessing = 0;
		};
/* End PBXFrameworksBuildPhase section */

/* Begin PBXGroup section */
		5C66465D1E25268B00D1F9F8 /* Station */ = {
			isa = PBXGroup;
			children = (
				5CCCEEF41E1A7A1B00CB8F3D /* StationViewController.swift */,
				5C6646571E251D8000D1F9F8 /* HistoryViewController.swift */,
				5C6646611E25271000D1F9F8 /* SettingsTableViewController.swift */,
			);
			name = Station;
			sourceTree = "<group>";
		};
		5C66465E1E2526A200D1F9F8 /* Stations */ = {
			isa = PBXGroup;
			children = (
				5C966B0A1E1A52A4000FA401 /* StationsViewController.swift */,
				5CCCEEE91E1A5BFC00CB8F3D /* NewStationViewController.swift */,
			);
			name = Stations;
			sourceTree = "<group>";
		};
		5C966AE81E1A4812000FA401 = {
			isa = PBXGroup;
			children = (
				5C966AF31E1A4812000FA401 /* WeatherStation */,
				5C966AF21E1A4812000FA401 /* Products */,
				AB78527143F0F1337A102FA9 /* Pods */,
				69A4810115278F3CBC11E8FD /* Frameworks */,
			);
			sourceTree = "<group>";
		};
		5C966AF21E1A4812000FA401 /* Products */ = {
			isa = PBXGroup;
			children = (
				5C966AF11E1A4812000FA401 /* WeatherStation.app */,
			);
			name = Products;
			sourceTree = "<group>";
		};
		5C966AF31E1A4812000FA401 /* WeatherStation */ = {
			isa = PBXGroup;
			children = (
				5CCCEEEB1E1A601800CB8F3D /* Models */,
				5CCCEEE41E1A573600CB8F3D /* Views */,
				5C966B091E1A5289000FA401 /* Controllers */,
				5CCCEEF01E1A70F800CB8F3D /* Helpers */,
				5CCCEEEC1E1A603D00CB8F3D /* Resources */,
				5C966AF41E1A4812000FA401 /* AppDelegate.swift */,
			);
			path = WeatherStation;
			sourceTree = "<group>";
		};
		5C966B091E1A5289000FA401 /* Controllers */ = {
			isa = PBXGroup;
			children = (
				5C66465E1E2526A200D1F9F8 /* Stations */,
				5C66465D1E25268B00D1F9F8 /* Station */,
			);
			name = Controllers;
			sourceTree = "<group>";
		};
		5CCCEEE41E1A573600CB8F3D /* Views */ = {
			isa = PBXGroup;
			children = (
				5CCCEEE51E1A574E00CB8F3D /* StationTableViewCell.swift */,
				5CCCEEE61E1A574E00CB8F3D /* StationTableViewCell.xib */,
				5C6646591E25202600D1F9F8 /* HistoryTableViewCell.swift */,
				5C66465A1E25202600D1F9F8 /* HistoryTableViewCell.xib */,
			);
			name = Views;
			sourceTree = "<group>";
		};
		5CCCEEEB1E1A601800CB8F3D /* Models */ = {
			isa = PBXGroup;
			children = (
				5CCCEEED1E1A606400CB8F3D /* Station.swift */,
			);
			name = Models;
			sourceTree = "<group>";
		};
		5CCCEEEC1E1A603D00CB8F3D /* Resources */ = {
			isa = PBXGroup;
			children = (
				5C966AF81E1A4812000FA401 /* Main.storyboard */,
				5C966B001E1A4812000FA401 /* LaunchScreen.storyboard */,
				5C966AFE1E1A4812000FA401 /* Assets.xcassets */,
				5C966B031E1A4812000FA401 /* Info.plist */,
				5C966AFB1E1A4812000FA401 /* WeatherStation.xcdatamodeld */,
			);
			name = Resources;
			sourceTree = "<group>";
		};
		5CCCEEF01E1A70F800CB8F3D /* Helpers */ = {
			isa = PBXGroup;
			children = (
				5CCCEEF11E1A70FD00CB8F3D /* Extensions */,
			);
			name = Helpers;
			sourceTree = "<group>";
		};
		5CCCEEF11E1A70FD00CB8F3D /* Extensions */ = {
			isa = PBXGroup;
			children = (
				5CCCEEF21E1A713B00CB8F3D /* UIStoryboard+Extension.swift */,
			);
			name = Extensions;
			sourceTree = "<group>";
		};
		69A4810115278F3CBC11E8FD /* Frameworks */ = {
			isa = PBXGroup;
			children = (
				D8E5DA2266C150773BD02030 /* Pods_WeatherStation.framework */,
			);
			name = Frameworks;
			sourceTree = "<group>";
		};
		AB78527143F0F1337A102FA9 /* Pods */ = {
			isa = PBXGroup;
			children = (
				17DD199CB89E06F95CA47086 /* Pods-WeatherStation.debug.xcconfig */,
				75E92D76134BE3D312D2B8B6 /* Pods-WeatherStation.release.xcconfig */,
			);
			name = Pods;
			sourceTree = "<group>";
		};
/* End PBXGroup section */

/* Begin PBXNativeTarget section */
		5C966AF01E1A4812000FA401 /* WeatherStation */ = {
			isa = PBXNativeTarget;
			buildConfigurationList = 5C966B061E1A4812000FA401 /* Build configuration list for PBXNativeTarget "WeatherStation" */;
			buildPhases = (
				A60FC41AAD821642C49D3B87 /* [CP] Check Pods Manifest.lock */,
				5C966AED1E1A4812000FA401 /* Sources */,
				5C966AEE1E1A4812000FA401 /* Frameworks */,
				5C966AEF1E1A4812000FA401 /* Resources */,
				C2496B571967DDB5EE3E1BEA /* [CP] Embed Pods Frameworks */,
				A93CB236EEBF462B479C9B03 /* [CP] Copy Pods Resources */,
			);
			buildRules = (
			);
			dependencies = (
			);
			name = WeatherStation;
			productName = WeatherStation;
			productReference = 5C966AF11E1A4812000FA401 /* WeatherStation.app */;
			productType = "com.apple.product-type.application";
		};
/* End PBXNativeTarget section */

/* Begin PBXProject section */
		5C966AE91E1A4812000FA401 /* Project object */ = {
			isa = PBXProject;
			attributes = {
				LastSwiftUpdateCheck = 0820;
				LastUpgradeCheck = 0820;
				ORGANIZATIONNAME = "Kostiantyn Dovbush";
				TargetAttributes = {
					5C966AF01E1A4812000FA401 = {
						CreatedOnToolsVersion = 8.2.1;
						DevelopmentTeam = PJ2EL6Q7LR;
						ProvisioningStyle = Automatic;
					};
				};
			};
			buildConfigurationList = 5C966AEC1E1A4812000FA401 /* Build configuration list for PBXProject "WeatherStation" */;
			compatibilityVersion = "Xcode 3.2";
			developmentRegion = English;
			hasScannedForEncodings = 0;
			knownRegions = (
				en,
				Base,
			);
			mainGroup = 5C966AE81E1A4812000FA401;
			productRefGroup = 5C966AF21E1A4812000FA401 /* Products */;
			projectDirPath = "";
			projectRoot = "";
			targets = (
				5C966AF01E1A4812000FA401 /* WeatherStation */,
			);
		};
/* End PBXProject section */

/* Begin PBXResourcesBuildPhase section */
		5C966AEF1E1A4812000FA401 /* Resources */ = {
			isa = PBXResourcesBuildPhase;
			buildActionMask = 2147483647;
			files = (
				5C966B021E1A4812000FA401 /* LaunchScreen.storyboard in Resources */,
				5C66465C1E25202600D1F9F8 /* HistoryTableViewCell.xib in Resources */,
				5C966AFF1E1A4812000FA401 /* Assets.xcassets in Resources */,
				5CCCEEE81E1A574E00CB8F3D /* StationTableViewCell.xib in Resources */,
				5C966AFA1E1A4812000FA401 /* Main.storyboard in Resources */,
			);
			runOnlyForDeploymentPostprocessing = 0;
		};
/* End PBXResourcesBuildPhase section */

/* Begin PBXShellScriptBuildPhase section */
		A60FC41AAD821642C49D3B87 /* [CP] Check Pods Manifest.lock */ = {
			isa = PBXShellScriptBuildPhase;
			buildActionMask = 2147483647;
			files = (
			);
			inputPaths = (
			);
			name = "[CP] Check Pods Manifest.lock";
			outputPaths = (
			);
			runOnlyForDeploymentPostprocessing = 0;
			shellPath = /bin/sh;
			shellScript = "diff \"${PODS_ROOT}/../Podfile.lock\" \"${PODS_ROOT}/Manifest.lock\" > /dev/null\nif [ $? != 0 ] ; then\n    # print error to STDERR\n    echo \"error: The sandbox is not in sync with the Podfile.lock. Run 'pod install' or update your CocoaPods installation.\" >&2\n    exit 1\nfi\n";
			showEnvVarsInLog = 0;
		};
		A93CB236EEBF462B479C9B03 /* [CP] Copy Pods Resources */ = {
			isa = PBXShellScriptBuildPhase;
			buildActionMask = 2147483647;
			files = (
			);
			inputPaths = (
			);
			name = "[CP] Copy Pods Resources";
			outputPaths = (
			);
			runOnlyForDeploymentPostprocessing = 0;
			shellPath = /bin/sh;
			shellScript = "\"${SRCROOT}/Pods/Target Support Files/Pods-WeatherStation/Pods-WeatherStation-resources.sh\"\n";
			showEnvVarsInLog = 0;
		};
		C2496B571967DDB5EE3E1BEA /* [CP] Embed Pods Frameworks */ = {
			isa = PBXShellScriptBuildPhase;
			buildActionMask = 2147483647;
			files = (
			);
			inputPaths = (
			);
			name = "[CP] Embed Pods Frameworks";
			outputPaths = (
			);
			runOnlyForDeploymentPostprocessing = 0;
			shellPath = /bin/sh;
			shellScript = "\"${SRCROOT}/Pods/Target Support Files/Pods-WeatherStation/Pods-WeatherStation-frameworks.sh\"\n";
			showEnvVarsInLog = 0;
		};
/* End PBXShellScriptBuildPhase section */

/* Begin PBXSourcesBuildPhase section */
		5C966AED1E1A4812000FA401 /* Sources */ = {
			isa = PBXSourcesBuildPhase;
			buildActionMask = 2147483647;
			files = (
				5C966AFD1E1A4812000FA401 /* WeatherStation.xcdatamodeld in Sources */,
				5CCCEEE71E1A574E00CB8F3D /* StationTableViewCell.swift in Sources */,
				5C6646581E251D8000D1F9F8 /* HistoryViewController.swift in Sources */,
				5CCCEEEA1E1A5BFC00CB8F3D /* NewStationViewController.swift in Sources */,
				5C966AF51E1A4812000FA401 /* AppDelegate.swift in Sources */,
				5CCCEEEE1E1A606400CB8F3D /* Station.swift in Sources */,
				5C966B0B1E1A52A4000FA401 /* StationsViewController.swift in Sources */,
				5C6646621E25271000D1F9F8 /* SettingsTableViewController.swift in Sources */,
				5C66465B1E25202600D1F9F8 /* HistoryTableViewCell.swift in Sources */,
				5CCCEEF31E1A713B00CB8F3D /* UIStoryboard+Extension.swift in Sources */,
				5CCCEEF51E1A7A1B00CB8F3D /* StationViewController.swift in Sources */,
			);
			runOnlyForDeploymentPostprocessing = 0;
		};
/* End PBXSourcesBuildPhase section */

/* Begin PBXVariantGroup section */
		5C966AF81E1A4812000FA401 /* Main.storyboard */ = {
			isa = PBXVariantGroup;
			children = (
				5C966AF91E1A4812000FA401 /* Base */,
			);
			name = Main.storyboard;
			sourceTree = "<group>";
		};
		5C966B001E1A4812000FA401 /* LaunchScreen.storyboard */ = {
			isa = PBXVariantGroup;
			children = (
				5C966B011E1A4812000FA401 /* Base */,
			);
			name = LaunchScreen.storyboard;
			sourceTree = "<group>";
		};
/* End PBXVariantGroup section */

/* Begin XCBuildConfiguration section */
		5C966B041E1A4812000FA401 /* Debug */ = {
			isa = XCBuildConfiguration;
			buildSettings = {
				ALWAYS_SEARCH_USER_PATHS = NO;
				CLANG_ANALYZER_NONNULL = YES;
				CLANG_CXX_LANGUAGE_STANDARD = "gnu++0x";
				CLANG_CXX_LIBRARY = "libc++";
				CLANG_ENABLE_MODULES = YES;
				CLANG_ENABLE_OBJC_ARC = YES;
				CLANG_WARN_BOOL_CONVERSION = YES;
				CLANG_WARN_CONSTANT_CONVERSION = YES;
				CLANG_WARN_DIRECT_OBJC_ISA_USAGE = YES_ERROR;
				CLANG_WARN_DOCUMENTATION_COMMENTS = YES;
				CLANG_WARN_EMPTY_BODY = YES;
				CLANG_WARN_ENUM_CONVERSION = YES;
				CLANG_WARN_INFINITE_RECURSION = YES;
				CLANG_WARN_INT_CONVERSION = YES;
				CLANG_WARN_OBJC_ROOT_CLASS = YES_ERROR;
				CLANG_WARN_SUSPICIOUS_MOVE = YES;
				CLANG_WARN_UNREACHABLE_CODE = YES;
				CLANG_WARN__DUPLICATE_METHOD_MATCH = YES;
				"CODE_SIGN_IDENTITY[sdk=iphoneos*]" = "iPhone Developer";
				COPY_PHASE_STRIP = NO;
				DEBUG_INFORMATION_FORMAT = dwarf;
				ENABLE_STRICT_OBJC_MSGSEND = YES;
				ENABLE_TESTABILITY = YES;
				GCC_C_LANGUAGE_STANDARD = gnu99;
				GCC_DYNAMIC_NO_PIC = NO;
				GCC_NO_COMMON_BLOCKS = YES;
				GCC_OPTIMIZATION_LEVEL = 0;
				GCC_PREPROCESSOR_DEFINITIONS = (
					"DEBUG=1",
					"$(inherited)",
				);
				GCC_WARN_64_TO_32_BIT_CONVERSION = YES;
				GCC_WARN_ABOUT_RETURN_TYPE = YES_ERROR;
				GCC_WARN_UNDECLARED_SELECTOR = YES;
				GCC_WARN_UNINITIALIZED_AUTOS = YES_AGGRESSIVE;
				GCC_WARN_UNUSED_FUNCTION = YES;
				GCC_WARN_UNUSED_VARIABLE = YES;
				IPHONEOS_DEPLOYMENT_TARGET = 10.2;
				MTL_ENABLE_DEBUG_INFO = YES;
				ONLY_ACTIVE_ARCH = YES;
				SDKROOT = iphoneos;
				SWIFT_ACTIVE_COMPILATION_CONDITIONS = DEBUG;
				SWIFT_OPTIMIZATION_LEVEL = "-Onone";
				TARGETED_DEVICE_FAMILY = "1,2";
			};
			name = Debug;
		};
		5C966B051E1A4812000FA401 /* Release */ = {
			isa = XCBuildConfiguration;
			buildSettings = {
				ALWAYS_SEARCH_USER_PATHS = NO;
				CLANG_ANALYZER_NONNULL = YES;
				CLANG_CXX_LANGUAGE_STANDARD = "gnu++0x";
				CLANG_CXX_LIBRARY = "libc++";
				CLANG_ENABLE_MODULES = YES;
				CLANG_ENABLE_OBJC_ARC = YES;
				CLANG_WARN_BOOL_CONVERSION = YES;
				CLANG_WARN_CONSTANT_CONVERSION = YES;
				CLANG_WARN_DIRECT_OBJC_ISA_USAGE = YES_ERROR;
				CLANG_WARN_DOCUMENTATION_COMMENTS = YES;
				CLANG_WARN_EMPTY_BODY = YES;
				CLANG_WARN_ENUM_CONVERSION = YES;
				CLANG_WARN_INFINITE_RECURSION = YES;
				CLANG_WARN_INT_CONVERSION = YES;
				CLANG_WARN_OBJC_ROOT_CLASS = YES_ERROR;
				CLANG_WARN_SUSPICIOUS_MOVE = YES;
				CLANG_WARN_UNREACHABLE_CODE = YES;
				CLANG_WARN__DUPLICATE_METHOD_MATCH = YES;
				"CODE_SIGN_IDENTITY[sdk=iphoneos*]" = "iPhone Developer";
				COPY_PHASE_STRIP = NO;
				DEBUG_INFORMATION_FORMAT = "dwarf-with-dsym";
				ENABLE_NS_ASSERTIONS = NO;
				ENABLE_STRICT_OBJC_MSGSEND = YES;
				GCC_C_LANGUAGE_STANDARD = gnu99;
				GCC_NO_COMMON_BLOCKS = YES;
				GCC_WARN_64_TO_32_BIT_CONVERSION = YES;
				GCC_WARN_ABOUT_RETURN_TYPE = YES_ERROR;
				GCC_WARN_UNDECLARED_SELECTOR = YES;
				GCC_WARN_UNINITIALIZED_AUTOS = YES_AGGRESSIVE;
				GCC_WARN_UNUSED_FUNCTION = YES;
				GCC_WARN_UNUSED_VARIABLE = YES;
				IPHONEOS_DEPLOYMENT_TARGET = 10.2;
				MTL_ENABLE_DEBUG_INFO = NO;
				SDKROOT = iphoneos;
				SWIFT_OPTIMIZATION_LEVEL = "-Owholemodule";
				TARGETED_DEVICE_FAMILY = "1,2";
				VALIDATE_PRODUCT = YES;
			};
			name = Release;
		};
		5C966B071E1A4812000FA401 /* Debug */ = {
			isa = XCBuildConfiguration;
			baseConfigurationReference = 17DD199CB89E06F95CA47086 /* Pods-WeatherStation.debug.xcconfig */;
			buildSettings = {
				ASSETCATALOG_COMPILER_APPICON_NAME = AppIcon;
				DEVELOPMENT_TEAM = PJ2EL6Q7LR;
				INFOPLIST_FILE = WeatherStation/Info.plist;
				LD_RUNPATH_SEARCH_PATHS = "$(inherited) @executable_path/Frameworks";
				PRODUCT_BUNDLE_IDENTIFIER = com.kdovbush.WeatherStation;
				PRODUCT_NAME = "$(TARGET_NAME)";
				SWIFT_VERSION = 3.0;
			};
			name = Debug;
		};
		5C966B081E1A4812000FA401 /* Release */ = {
			isa = XCBuildConfiguration;
			baseConfigurationReference = 75E92D76134BE3D312D2B8B6 /* Pods-WeatherStation.release.xcconfig */;
			buildSettings = {
				ASSETCATALOG_COMPILER_APPICON_NAME = AppIcon;
				DEVELOPMENT_TEAM = PJ2EL6Q7LR;
				INFOPLIST_FILE = WeatherStation/Info.plist;
				LD_RUNPATH_SEARCH_PATHS = "$(inherited) @executable_path/Frameworks";
				PRODUCT_BUNDLE_IDENTIFIER = com.kdovbush.WeatherStation;
				PRODUCT_NAME = "$(TARGET_NAME)";
				SWIFT_VERSION = 3.0;
			};
			name = Release;
		};
/* End XCBuildConfiguration section */

/* Begin XCConfigurationList section */
		5C966AEC1E1A4812000FA401 /* Build configuration list for PBXProject "WeatherStation" */ = {
			isa = XCConfigurationList;
			buildConfigurations = (
				5C966B041E1A4812000FA401 /* Debug */,
				5C966B051E1A4812000FA401 /* Release */,
			);
			defaultConfigurationIsVisible = 0;
			defaultConfigurationName = Release;
		};
		5C966B061E1A4812000FA401 /* Build configuration list for PBXNativeTarget "WeatherStation" */ = {
			isa = XCConfigurationList;
			buildConfigurations = (
				5C966B071E1A4812000FA401 /* Debug */,
				5C966B081E1A4812000FA401 /* Release */,
			);
			defaultConfigurationIsVisible = 0;
			defaultConfigurationName = Release;
		};
/* End XCConfigurationList section */

/* Begin XCVersionGroup section */
		5C966AFB1E1A4812000FA401 /* WeatherStation.xcdatamodeld */ = {
			isa = XCVersionGroup;
			children = (
				5C966AFC1E1A4812000FA401 /* WeatherStation.xcdatamodel */,
			);
			currentVersion = 5C966AFC1E1A4812000FA401 /* WeatherStation.xcdatamodel */;
			path = WeatherStation.xcdatamodeld;
			sourceTree = "<group>";
			versionGroupType = wrapper.xcdatamodel;
		};
/* End XCVersionGroup section */
	};
	rootObject = 5C966AE91E1A4812000FA401 /* Project object */;
}
